
Microsoft Visual Studio Solution File, Format Version 12.00
# Visual Studio Version 16
VisualStudioVersion = 16.0.30002.166
MinimumVisualStudioVersion = 10.0.40219.1
Project("{FAE04EC0-301F-11D3-BF4B-00C04F79EFBC}") = "ChatmailGUI", "ChatmailGUI\ChatmailGUI.csproj", "{F87E4AF7-583F-4454-8006-F7A793491A2A}"
EndProject
Project("{2150E333-8FDC-42A3-9474-1A3956D46DE8}") = "Solution Items", "Solution Items", "{2A5ED7A3-C8B3-4E67-B8B4-61F715D481C7}"
EndProject
Global
	GlobalSection(SolutionConfigurationPlatforms) = preSolution
		Debug|Any CPU = Debug|Any CPU
		Release|Any CPU = Release|Any CPU
	EndGlobalSection
	GlobalSection(ProjectConfigurationPlatforms) = postSolution
		{F87E4AF7-583F-4454-8006-F7A793491A2A}.Debug|Any CPU.ActiveCfg = Debug|Any CPU
		{F87E4AF7-583F-4454-8006-F7A793491A2A}.Debug|Any CPU.Build.0 = Debug|Any CPU
		{F87E4AF7-583F-4454-8006-F7A793491A2A}.Release|Any CPU.ActiveCfg = Release|Any CPU
		{F87E4AF7-583F-4454-8006-F7A793491A2A}.Release|Any CPU.Build.0 = Release|Any CPU
	EndGlobalSection
	GlobalSection(SolutionProperties) = preSolution
		HideSolutionNode = FALSE
	EndGlobalSection
	GlobalSection(ExtensibilityGlobals) = postSolution
		SolutionGuid = {475EE099-402B-4B2C-AEE2-46823ACD064B}
	EndGlobalSection
EndGlobal
